
Microsoft Visual Studio Solution File, Format Version 12.00
# Visual Studio Version 17
VisualStudioVersion = 17.9.34728.123
MinimumVisualStudioVersion = 10.0.40219.1
Project("{9A19103F-16F7-4668-BE54-9A1E7A4F7556}") = "PIclubdeportivo", "PIclubdeportivo\PIclubdeportivo.csproj", "{6075C5A2-566D-4D95-BCE1-368999020982}"
EndProject
Global
	GlobalSection(SolutionConfigurationPlatforms) = preSolution
		Debug|Any CPU = Debug|Any CPU
		Release|Any CPU = Release|Any CPU
	EndGlobalSection
	GlobalSection(ProjectConfigurationPlatforms) = postSolution
		{6075C5A2-566D-4D95-BCE1-368999020982}.Debug|Any CPU.ActiveCfg = Debug|Any CPU
		{6075C5A2-566D-4D95-BCE1-368999020982}.Debug|Any CPU.Build.0 = Debug|Any CPU
		{6075C5A2-566D-4D95-BCE1-368999020982}.Release|Any CPU.ActiveCfg = Release|Any CPU
		{6075C5A2-566D-4D95-BCE1-368999020982}.Release|Any CPU.Build.0 = Release|Any CPU
	EndGlobalSection
	GlobalSection(SolutionProperties) = preSolution
		HideSolutionNode = FALSE
	EndGlobalSection
	GlobalSection(ExtensibilityGlobals) = postSolution
		SolutionGuid = {AD668F48-5299-4FCC-9512-4F53D0580798}
	EndGlobalSection
EndGlobal
